
Microsoft Visual Studio Solution File, Format Version 12.00
# Visual Studio Version 17
VisualStudioVersion = 17.7.34031.279
MinimumVisualStudioVersion = 10.0.40219.1
Project("{FAE04EC0-301F-11D3-BF4B-00C04F79EFBC}") = "Lumia Device Unbricking Tool", "Lumia Device Unbricking Tool\Lumia Device Unbricking Tool.csproj", "{32465C06-AABE-4A01-87B3-C7DBE7A5117E}"
EndProject
Global
	GlobalSection(SolutionConfigurationPlatforms) = preSolution
		Debug|Any CPU = Debug|Any CPU
		Release|Any CPU = Release|Any CPU
	EndGlobalSection
	GlobalSection(ProjectConfigurationPlatforms) = postSolution
		{32465C06-AABE-4A01-87B3-C7DBE7A5117E}.Debug|Any CPU.ActiveCfg = Debug|Any CPU
		{32465C06-AABE-4A01-87B3-C7DBE7A5117E}.Debug|Any CPU.Build.0 = Debug|Any CPU
		{32465C06-AABE-4A01-87B3-C7DBE7A5117E}.Release|Any CPU.ActiveCfg = Release|Any CPU
		{32465C06-AABE-4A01-87B3-C7DBE7A5117E}.Release|Any CPU.Build.0 = Release|Any CPU
	EndGlobalSection
	GlobalSection(SolutionProperties) = preSolution
		HideSolutionNode = FALSE
	EndGlobalSection
	GlobalSection(ExtensibilityGlobals) = postSolution
		SolutionGuid = {8E9F5983-38E1-4BB5-9344-4F4F4E472547}
	EndGlobalSection
EndGlobal
